
Microsoft Visual Studio Solution File, Format Version 12.00
# Visual Studio Version 17
VisualStudioVersion = 17.4.33205.214
MinimumVisualStudioVersion = 10.0.40219.1
Project("{9A19103F-16F7-4668-BE54-9A1E7A4F7556}") = "GenericWebApi", "GenericWebApi\GenericWebApi.csproj", "{14934AD0-D2B1-4276-B0CD-0647E2E4598D}"
EndProject
Project("{9A19103F-16F7-4668-BE54-9A1E7A4F7556}") = "BusinessLogic", "BusinessLogic\BusinessLogic.csproj", "{ABAF476D-EF0A-4BDE-99FE-2F6A88C3BBB9}"
EndProject
Project("{9A19103F-16F7-4668-BE54-9A1E7A4F7556}") = "DataAccess", "DataAccess\DataAccess.csproj", "{3058371C-5084-4E8B-B775-93F25D362539}"
EndProject
Project("{2150E333-8FDC-42A3-9474-1A3956D46DE8}") = "Tests", "Tests", "{83D95963-7884-4995-A473-701A08ED693D}"
EndProject
Project("{9A19103F-16F7-4668-BE54-9A1E7A4F7556}") = "BusinessLogic.Tests", "BusinessLogic.Tests\BusinessLogic.Tests.csproj", "{225F02D4-10E3-4564-81E9-DF06EE13F4B2}"
EndProject
Project("{2150E333-8FDC-42A3-9474-1A3956D46DE8}") = "MigrationAssemblies", "MigrationAssemblies", "{0F77058F-74F6-4D24-8C32-F37EF5F736BF}"
EndProject
Project("{9A19103F-16F7-4668-BE54-9A1E7A4F7556}") = "PostgresMigrations", "PostgresMigrations\PostgresMigrations.csproj", "{6DB3A792-9DCE-4098-8E64-F41D0935B241}"
EndProject
Project("{9A19103F-16F7-4668-BE54-9A1E7A4F7556}") = "SqlServerMigrations", "SqlServerMigrations\SqlServerMigrations.csproj", "{5DD83259-607E-4BD6-9651-533416F3EAC0}"
EndProject
Global
	GlobalSection(SolutionConfigurationPlatforms) = preSolution
		Debug|Any CPU = Debug|Any CPU
		Release|Any CPU = Release|Any CPU
	EndGlobalSection
	GlobalSection(ProjectConfigurationPlatforms) = postSolution
		{14934AD0-D2B1-4276-B0CD-0647E2E4598D}.Debug|Any CPU.ActiveCfg = Debug|Any CPU
		{14934AD0-D2B1-4276-B0CD-0647E2E4598D}.Debug|Any CPU.Build.0 = Debug|Any CPU
		{14934AD0-D2B1-4276-B0CD-0647E2E4598D}.Release|Any CPU.ActiveCfg = Release|Any CPU
		{14934AD0-D2B1-4276-B0CD-0647E2E4598D}.Release|Any CPU.Build.0 = Release|Any CPU
		{ABAF476D-EF0A-4BDE-99FE-2F6A88C3BBB9}.Debug|Any CPU.ActiveCfg = Debug|Any CPU
		{ABAF476D-EF0A-4BDE-99FE-2F6A88C3BBB9}.Debug|Any CPU.Build.0 = Debug|Any CPU
		{ABAF476D-EF0A-4BDE-99FE-2F6A88C3BBB9}.Release|Any CPU.ActiveCfg = Release|Any CPU
		{ABAF476D-EF0A-4BDE-99FE-2F6A88C3BBB9}.Release|Any CPU.Build.0 = Release|Any CPU
		{3058371C-5084-4E8B-B775-93F25D362539}.Debug|Any CPU.ActiveCfg = Debug|Any CPU
		{3058371C-5084-4E8B-B775-93F25D362539}.Debug|Any CPU.Build.0 = Debug|Any CPU
		{3058371C-5084-4E8B-B775-93F25D362539}.Release|Any CPU.ActiveCfg = Release|Any CPU
		{3058371C-5084-4E8B-B775-93F25D362539}.Release|Any CPU.Build.0 = Release|Any CPU
		{225F02D4-10E3-4564-81E9-DF06EE13F4B2}.Debug|Any CPU.ActiveCfg = Debug|Any CPU
		{225F02D4-10E3-4564-81E9-DF06EE13F4B2}.Debug|Any CPU.Build.0 = Debug|Any CPU
		{225F02D4-10E3-4564-81E9-DF06EE13F4B2}.Release|Any CPU.ActiveCfg = Release|Any CPU
		{225F02D4-10E3-4564-81E9-DF06EE13F4B2}.Release|Any CPU.Build.0 = Release|Any CPU
		{6DB3A792-9DCE-4098-8E64-F41D0935B241}.Debug|Any CPU.ActiveCfg = Debug|Any CPU
		{6DB3A792-9DCE-4098-8E64-F41D0935B241}.Debug|Any CPU.Build.0 = Debug|Any CPU
		{6DB3A792-9DCE-4098-8E64-F41D0935B241}.Release|Any CPU.ActiveCfg = Release|Any CPU
		{6DB3A792-9DCE-4098-8E64-F41D0935B241}.Release|Any CPU.Build.0 = Release|Any CPU
		{5DD83259-607E-4BD6-9651-533416F3EAC0}.Debug|Any CPU.ActiveCfg = Debug|Any CPU
		{5DD83259-607E-4BD6-9651-533416F3EAC0}.Debug|Any CPU.Build.0 = Debug|Any CPU
		{5DD83259-607E-4BD6-9651-533416F3EAC0}.Release|Any CPU.ActiveCfg = Release|Any CPU
		{5DD83259-607E-4BD6-9651-533416F3EAC0}.Release|Any CPU.Build.0 = Release|Any CPU
	EndGlobalSection
	GlobalSection(SolutionProperties) = preSolution
		HideSolutionNode = FALSE
	EndGlobalSection
	GlobalSection(NestedProjects) = preSolution
		{225F02D4-10E3-4564-81E9-DF06EE13F4B2} = {83D95963-7884-4995-A473-701A08ED693D}
		{6DB3A792-9DCE-4098-8E64-F41D0935B241} = {0F77058F-74F6-4D24-8C32-F37EF5F736BF}
		{5DD83259-607E-4BD6-9651-533416F3EAC0} = {0F77058F-74F6-4D24-8C32-F37EF5F736BF}
	EndGlobalSection
	GlobalSection(ExtensibilityGlobals) = postSolution
		SolutionGuid = {C0BAE204-1D8F-4569-BBCF-0699856CE0CA}
	EndGlobalSection
EndGlobal
